
Microsoft Visual Studio Solution File, Format Version 12.00
# Visual Studio Version 17
VisualStudioVersion = 17.14.36623.8
MinimumVisualStudioVersion = 10.0.40219.1
Project("{FAE04EC0-301F-11D3-BF4B-00C04F79EFBC}") = "InvestTrack.Desktop", "InvestTrack.Desktop\InvestTrack.Desktop.csproj", "{F095F7CD-AEB1-426F-995A-972151DA249F}"
EndProject
Project("{FAE04EC0-301F-11D3-BF4B-00C04F79EFBC}") = "InvestTrack.Model", "InvestTrack.Model\InvestTrack.Model.csproj", "{B0E5D978-DE9A-4F11-B152-4086500E9B1F}"
EndProject
Project("{FAE04EC0-301F-11D3-BF4B-00C04F79EFBC}") = "InvestTrack.Web", "InvestTrack.Web\InvestTrack.Web.csproj", "{E83862FC-8D1D-48F8-8864-F7884C3DCA79}"
EndProject
Project("{FAE04EC0-301F-11D3-BF4B-00C04F79EFBC}") = "InvestTrack.Mobile", "InvestTrack.Mobile\InvestTrack.Mobile.csproj", "{C69DF258-64EC-49A3-97F8-1844DA228010}"
EndProject
Global
	GlobalSection(SolutionConfigurationPlatforms) = preSolution
		Debug|Any CPU = Debug|Any CPU
		Release|Any CPU = Release|Any CPU
	EndGlobalSection
	GlobalSection(ProjectConfigurationPlatforms) = postSolution
		{F095F7CD-AEB1-426F-995A-972151DA249F}.Debug|Any CPU.ActiveCfg = Debug|Any CPU
		{F095F7CD-AEB1-426F-995A-972151DA249F}.Debug|Any CPU.Build.0 = Debug|Any CPU
		{F095F7CD-AEB1-426F-995A-972151DA249F}.Release|Any CPU.ActiveCfg = Release|Any CPU
		{F095F7CD-AEB1-426F-995A-972151DA249F}.Release|Any CPU.Build.0 = Release|Any CPU
		{B0E5D978-DE9A-4F11-B152-4086500E9B1F}.Debug|Any CPU.ActiveCfg = Debug|Any CPU
		{B0E5D978-DE9A-4F11-B152-4086500E9B1F}.Debug|Any CPU.Build.0 = Debug|Any CPU
		{B0E5D978-DE9A-4F11-B152-4086500E9B1F}.Release|Any CPU.ActiveCfg = Release|Any CPU
		{B0E5D978-DE9A-4F11-B152-4086500E9B1F}.Release|Any CPU.Build.0 = Release|Any CPU
		{E83862FC-8D1D-48F8-8864-F7884C3DCA79}.Debug|Any CPU.ActiveCfg = Debug|Any CPU
		{E83862FC-8D1D-48F8-8864-F7884C3DCA79}.Debug|Any CPU.Build.0 = Debug|Any CPU
		{E83862FC-8D1D-48F8-8864-F7884C3DCA79}.Release|Any CPU.ActiveCfg = Release|Any CPU
		{E83862FC-8D1D-48F8-8864-F7884C3DCA79}.Release|Any CPU.Build.0 = Release|Any CPU
		{C69DF258-64EC-49A3-97F8-1844DA228010}.Debug|Any CPU.ActiveCfg = Debug|Any CPU
		{C69DF258-64EC-49A3-97F8-1844DA228010}.Debug|Any CPU.Build.0 = Debug|Any CPU
		{C69DF258-64EC-49A3-97F8-1844DA228010}.Debug|Any CPU.Deploy.0 = Debug|Any CPU
		{C69DF258-64EC-49A3-97F8-1844DA228010}.Release|Any CPU.ActiveCfg = Release|Any CPU
		{C69DF258-64EC-49A3-97F8-1844DA228010}.Release|Any CPU.Build.0 = Release|Any CPU
	EndGlobalSection
	GlobalSection(SolutionProperties) = preSolution
		HideSolutionNode = FALSE
	EndGlobalSection
	GlobalSection(ExtensibilityGlobals) = postSolution
		SolutionGuid = {D9E47669-0EE9-4ADB-A96E-74336FDB628A}
	EndGlobalSection
EndGlobal
